
Microsoft Visual Studio Solution File, Format Version 12.00
# Visual Studio 15
VisualStudioVersion = 15.0.27703.2018
MinimumVisualStudioVersion = 10.0.40219.1
Project("{FAE04EC0-301F-11D3-BF4B-00C04F79EFBC}") = "EmptyToolForTemplate", "Idera\EmptyToolForTemplate\EmptyToolForTemplate.csproj", "{D6480B58-8712-48E2-B037-F1C0709FC0D6}"
EndProject
Project("{FAE04EC0-301F-11D3-BF4B-00C04F79EFBC}") = "BackupStatus", "Idera\BackupStatus\BackupStatus.csproj", "{3AC508BF-FB2D-4E02-96C2-C24272F92056}"
EndProject
Project("{FAE04EC0-301F-11D3-BF4B-00C04F79EFBC}") = "DatabaseMover", "Idera\DatabaseMover\DatabaseMover.csproj", "{02FABDEF-1551-432F-9B91-0803C63F2239}"
EndProject
Project("{FAE04EC0-301F-11D3-BF4B-00C04F79EFBC}") = "SQLsearch2", "Idera\SQLsearch2\SQLsearch2.csproj", "{1989A505-6F7E-4BAF-A456-A7760FB9E2D6}"
EndProject
Project("{FAE04EC0-301F-11D3-BF4B-00C04F79EFBC}") = "Launchpad", "Idera\Launchpad\Launchpad.csproj", "{7C034671-1D4A-4342-9098-E972BAE9174E}"
EndProject
Project("{FAE04EC0-301F-11D3-BF4B-00C04F79EFBC}") = "TablePin", "Idera\TablePin\TablePin.csproj", "{62DFEA3F-ACBE-485F-AA93-924E55A7702B}"
EndProject
Project("{FAE04EC0-301F-11D3-BF4B-00C04F79EFBC}") = "InventoryReport2", "Idera\InventoryReport2\InventoryReport2.csproj", "{240B6DFF-503D-4E5A-9473-1759B4FD2A25}"
EndProject
Project("{FAE04EC0-301F-11D3-BF4B-00C04F79EFBC}") = "PasswordChecker", "Idera\PasswordChecker\PasswordChecker.csproj", "{8BFDCFF8-68ED-46F6-97F2-C997DD5B1798}"
EndProject
Project("{FAE04EC0-301F-11D3-BF4B-00C04F79EFBC}") = "PatchAnalyzer", "Idera\PatchAnalyzer\PatchAnalyzer.csproj", "{4A2259DF-AA4B-4D0D-A7BA-B110E4F58A4F}"
EndProject
Project("{FAE04EC0-301F-11D3-BF4B-00C04F79EFBC}") = "SqlDiscovery", "Idera\SqlDiscovery\SqlDiscovery.csproj", "{6F77B270-2294-461C-97BA-9F1C53F076DB}"
EndProject
Project("{FAE04EC0-301F-11D3-BF4B-00C04F79EFBC}") = "DatabaseMoverLibrary", "Idera\DatabaseMoverLibrary\DatabaseMoverLibrary.csproj", "{3D242F82-1DDC-4824-ABF2-6DCE25AF7417}"
EndProject
Project("{FAE04EC0-301F-11D3-BF4B-00C04F79EFBC}") = "ServerConfiguration", "Idera\ServerConfiguration\ServerConfiguration.csproj", "{73E5B120-811F-42EC-AC81-8D57D1534C06}"
EndProject
Project("{FAE04EC0-301F-11D3-BF4B-00C04F79EFBC}") = "DatabaseConfiguration", "Idera\DatabaseConfiguration\DatabaseConfiguration.csproj", "{642A4D3C-FF9E-4AD1-9BE3-B47D137E92DB}"
EndProject
Project("{FAE04EC0-301F-11D3-BF4B-00C04F79EFBC}") = "UserClone", "Idera\UserClone\UserClone.csproj", "{C9B241B1-5A9D-4B68-B934-51090BCB5D07}"
EndProject
Project("{FAE04EC0-301F-11D3-BF4B-00C04F79EFBC}") = "MultiQuery", "Idera\MultiQuery\MultiQuery.csproj", "{A96E60DA-DA9D-4795-BF3E-1A7B559B026B}"
EndProject
Project("{FAE04EC0-301F-11D3-BF4B-00C04F79EFBC}") = "QuickReindex", "Idera\QuickReindex\QuickReindex.csproj", "{DC88DCB4-6936-4F62-A3AE-4FD055FBE7C8}"
EndProject
Project("{FAE04EC0-301F-11D3-BF4B-00C04F79EFBC}") = "JobEditor", "Idera\JobEditor\JobEditor.csproj", "{F8D9AB2A-E61E-409B-822D-59975C547C25}"
EndProject
Project("{FAE04EC0-301F-11D3-BF4B-00C04F79EFBC}") = "IndexAnalyzer", "Idera\IndexAnalyzer\IndexAnalyzer.csproj", "{E7E17A71-0A5F-46BA-A6A7-CF1D5EA08296}"
EndProject
Project("{FAE04EC0-301F-11D3-BF4B-00C04F79EFBC}") = "PartitionGenerator", "Idera\PartitionGenerator\PartitionGenerator.csproj", "{2EA0FA46-8055-4173-9367-5B7522386DEA}"
EndProject
Project("{FAE04EC0-301F-11D3-BF4B-00C04F79EFBC}") = "JobMover", "Idera\JobMover\JobMover.csproj", "{E520A846-A00C-45EE-B80A-CDE06E772DFA}"
EndProject
Project("{FAE04EC0-301F-11D3-BF4B-00C04F79EFBC}") = "ServerStatistics", "Idera\ServerStatistics\ServerStatistics.csproj", "{4EA7C86A-8848-46B8-929E-83F6E19098D4}"
EndProject
Project("{FAE04EC0-301F-11D3-BF4B-00C04F79EFBC}") = "SpaceAnalyzer", "Idera\SpaceAnalyzer\SpaceAnalyzer.csproj", "{5EF8DF3A-51DA-403A-9CAD-1FCCE0D4BD32}"
EndProject
Project("{FAE04EC0-301F-11D3-BF4B-00C04F79EFBC}") = "ConnectionCheck", "Idera\ConnectionCheck\ConnectionCheck.csproj", "{C12D94E2-2D5E-4783-B03E-03A36C247CA0}"
EndProject
Project("{FAE04EC0-301F-11D3-BF4B-00C04F79EFBC}") = "ServerPing", "Idera\ServerPing\ServerPing.csproj", "{15DF56A1-C17C-4CE8-A0EC-006C49A6F268}"
EndProject
Project("{FAE04EC0-301F-11D3-BF4B-00C04F79EFBC}") = "LoginCopy", "Idera\LoginCopy\LoginCopy.csproj", "{FE43CBE4-ED77-400A-AF0F-8CD5F6201DCB}"
EndProject
Project("{FAE04EC0-301F-11D3-BF4B-00C04F79EFBC}") = "ObjectSearch", "Idera\ObjectSearch\ObjectSearch.csproj", "{01196354-6537-4830-B30D-D6CA53FB69AC}"
EndProject
Project("{FAE04EC0-301F-11D3-BF4B-00C04F79EFBC}") = "ConnectionStringGenerator", "Idera\ConnectionStringGenerator\ConnectionStringGenerator.csproj", "{44A77783-D38C-46E7-9EEE-26FAA76BB84E}"
EndProject
Project("{FAE04EC0-301F-11D3-BF4B-00C04F79EFBC}") = "WhoHasAccess", "Idera\WhoHasAccess\WhoHasAccess.csproj", "{5EDAA152-DB2F-44E2-AC1D-90F339E24071}"
EndProject
Project("{FAE04EC0-301F-11D3-BF4B-00C04F79EFBC}") = "WhatAccessDoesWhoHave", "Idera\WhatAccessDoesWhoHave\WhatAccessDoesWhoHave.csproj", "{6F3B168F-9AE1-4D9D-BEC6-73FB1B93C9EE}"
EndProject
Project("{FAE04EC0-301F-11D3-BF4B-00C04F79EFBC}") = "PatchEditor", "Idera\PatchEditor\PatchEditor.csproj", "{5F2BAA28-36F9-4778-A8B1-7ED91E14F9F4}"
EndProject
Project("{FAE04EC0-301F-11D3-BF4B-00C04F79EFBC}") = "LinkedServerMover", "Idera\LinkedServerMover\LinkedServerMover.csproj", "{EB0CB2A6-128C-42F3-A37F-A566AE059E40}"
EndProject
Project("{FAE04EC0-301F-11D3-BF4B-00C04F79EFBC}") = "IderaTrialExperienceCommon", "Idera\IderaTrialExperienceCommon\IderaTrialExperienceCommon.csproj", "{7C498BA5-5860-48BD-84A2-8FF64D878BDE}"
EndProject
Project("{FAE04EC0-301F-11D3-BF4B-00C04F79EFBC}") = "SqlAdminToolsetCore", "Idera\SqlAdminToolsetCore\SqlAdminToolsetCore.csproj", "{77765FAE-5EF0-4A6C-BAB9-FEE8E9CF6989}"
EndProject
Global
	GlobalSection(SolutionConfigurationPlatforms) = preSolution
		Debug|Any CPU = Debug|Any CPU
		Debug|x86 = Debug|x86
		Release|Any CPU = Release|Any CPU
		Release|x86 = Release|x86
	EndGlobalSection
	GlobalSection(ProjectConfigurationPlatforms) = postSolution
		{D6480B58-8712-48E2-B037-F1C0709FC0D6}.Debug|Any CPU.ActiveCfg = Debug|Any CPU
		{D6480B58-8712-48E2-B037-F1C0709FC0D6}.Debug|Any CPU.Build.0 = Debug|Any CPU
		{D6480B58-8712-48E2-B037-F1C0709FC0D6}.Debug|x86.ActiveCfg = Debug|Any CPU
		{D6480B58-8712-48E2-B037-F1C0709FC0D6}.Debug|x86.Build.0 = Debug|Any CPU
		{D6480B58-8712-48E2-B037-F1C0709FC0D6}.Release|Any CPU.ActiveCfg = Release|Any CPU
		{D6480B58-8712-48E2-B037-F1C0709FC0D6}.Release|Any CPU.Build.0 = Release|Any CPU
		{D6480B58-8712-48E2-B037-F1C0709FC0D6}.Release|x86.ActiveCfg = Release|Any CPU
		{D6480B58-8712-48E2-B037-F1C0709FC0D6}.Release|x86.Build.0 = Release|Any CPU
		{3AC508BF-FB2D-4E02-96C2-C24272F92056}.Debug|Any CPU.ActiveCfg = Debug|Any CPU
		{3AC508BF-FB2D-4E02-96C2-C24272F92056}.Debug|Any CPU.Build.0 = Debug|Any CPU
		{3AC508BF-FB2D-4E02-96C2-C24272F92056}.Debug|x86.ActiveCfg = Debug|x86
		{3AC508BF-FB2D-4E02-96C2-C24272F92056}.Debug|x86.Build.0 = Debug|x86
		{3AC508BF-FB2D-4E02-96C2-C24272F92056}.Release|Any CPU.ActiveCfg = Release|Any CPU
		{3AC508BF-FB2D-4E02-96C2-C24272F92056}.Release|Any CPU.Build.0 = Release|Any CPU
		{3AC508BF-FB2D-4E02-96C2-C24272F92056}.Release|x86.ActiveCfg = Release|x86
		{3AC508BF-FB2D-4E02-96C2-C24272F92056}.Release|x86.Build.0 = Release|x86
		{02FABDEF-1551-432F-9B91-0803C63F2239}.Debug|Any CPU.ActiveCfg = Debug|Any CPU
		{02FABDEF-1551-432F-9B91-0803C63F2239}.Debug|Any CPU.Build.0 = Debug|Any CPU
		{02FABDEF-1551-432F-9B91-0803C63F2239}.Debug|x86.ActiveCfg = Debug|x86
		{02FABDEF-1551-432F-9B91-0803C63F2239}.Debug|x86.Build.0 = Debug|x86
		{02FABDEF-1551-432F-9B91-0803C63F2239}.Release|Any CPU.ActiveCfg = Release|Any CPU
		{02FABDEF-1551-432F-9B91-0803C63F2239}.Release|Any CPU.Build.0 = Release|Any CPU
		{02FABDEF-1551-432F-9B91-0803C63F2239}.Release|x86.ActiveCfg = Release|x86
		{02FABDEF-1551-432F-9B91-0803C63F2239}.Release|x86.Build.0 = Release|x86
		{1989A505-6F7E-4BAF-A456-A7760FB9E2D6}.Debug|Any CPU.ActiveCfg = Debug|Any CPU
		{1989A505-6F7E-4BAF-A456-A7760FB9E2D6}.Debug|Any CPU.Build.0 = Debug|Any CPU
		{1989A505-6F7E-4BAF-A456-A7760FB9E2D6}.Debug|x86.ActiveCfg = Debug|x86
		{1989A505-6F7E-4BAF-A456-A7760FB9E2D6}.Debug|x86.Build.0 = Debug|x86
		{1989A505-6F7E-4BAF-A456-A7760FB9E2D6}.Release|Any CPU.ActiveCfg = Release|Any CPU
		{1989A505-6F7E-4BAF-A456-A7760FB9E2D6}.Release|Any CPU.Build.0 = Release|Any CPU
		{1989A505-6F7E-4BAF-A456-A7760FB9E2D6}.Release|x86.ActiveCfg = Release|x86
		{1989A505-6F7E-4BAF-A456-A7760FB9E2D6}.Release|x86.Build.0 = Release|x86
		{7C034671-1D4A-4342-9098-E972BAE9174E}.Debug|Any CPU.ActiveCfg = Debug|Any CPU
		{7C034671-1D4A-4342-9098-E972BAE9174E}.Debug|Any CPU.Build.0 = Debug|Any CPU
		{7C034671-1D4A-4342-9098-E972BAE9174E}.Debug|x86.ActiveCfg = Debug|Any CPU
		{7C034671-1D4A-4342-9098-E972BAE9174E}.Debug|x86.Build.0 = Debug|Any CPU
		{7C034671-1D4A-4342-9098-E972BAE9174E}.Release|Any CPU.ActiveCfg = Release|Any CPU
		{7C034671-1D4A-4342-9098-E972BAE9174E}.Release|Any CPU.Build.0 = Release|Any CPU
		{7C034671-1D4A-4342-9098-E972BAE9174E}.Release|x86.ActiveCfg = Release|Any CPU
		{7C034671-1D4A-4342-9098-E972BAE9174E}.Release|x86.Build.0 = Release|Any CPU
		{62DFEA3F-ACBE-485F-AA93-924E55A7702B}.Debug|Any CPU.ActiveCfg = Debug|Any CPU
		{62DFEA3F-ACBE-485F-AA93-924E55A7702B}.Debug|Any CPU.Build.0 = Debug|Any CPU
		{62DFEA3F-ACBE-485F-AA93-924E55A7702B}.Debug|x86.ActiveCfg = Debug|x86
		{62DFEA3F-ACBE-485F-AA93-924E55A7702B}.Debug|x86.Build.0 = Debug|x86
		{62DFEA3F-ACBE-485F-AA93-924E55A7702B}.Release|Any CPU.ActiveCfg = Release|Any CPU
		{62DFEA3F-ACBE-485F-AA93-924E55A7702B}.Release|Any CPU.Build.0 = Release|Any CPU
		{62DFEA3F-ACBE-485F-AA93-924E55A7702B}.Release|x86.ActiveCfg = Release|x86
		{62DFEA3F-ACBE-485F-AA93-924E55A7702B}.Release|x86.Build.0 = Release|x86
		{240B6DFF-503D-4E5A-9473-1759B4FD2A25}.Debug|Any CPU.ActiveCfg = Debug|Any CPU
		{240B6DFF-503D-4E5A-9473-1759B4FD2A25}.Debug|Any CPU.Build.0 = Debug|Any CPU
		{240B6DFF-503D-4E5A-9473-1759B4FD2A25}.Debug|x86.ActiveCfg = Debug|Any CPU
		{240B6DFF-503D-4E5A-9473-1759B4FD2A25}.Debug|x86.Build.0 = Debug|Any CPU
		{240B6DFF-503D-4E5A-9473-1759B4FD2A25}.Release|Any CPU.ActiveCfg = Release|Any CPU
		{240B6DFF-503D-4E5A-9473-1759B4FD2A25}.Release|Any CPU.Build.0 = Release|Any CPU
		{240B6DFF-503D-4E5A-9473-1759B4FD2A25}.Release|x86.ActiveCfg = Release|Any CPU
		{240B6DFF-503D-4E5A-9473-1759B4FD2A25}.Release|x86.Build.0 = Release|Any CPU
		{8BFDCFF8-68ED-46F6-97F2-C997DD5B1798}.Debug|Any CPU.ActiveCfg = Debug|Any CPU
		{8BFDCFF8-68ED-46F6-97F2-C997DD5B1798}.Debug|Any CPU.Build.0 = Debug|Any CPU
		{8BFDCFF8-68ED-46F6-97F2-C997DD5B1798}.Debug|x86.ActiveCfg = Debug|Any CPU
		{8BFDCFF8-68ED-46F6-97F2-C997DD5B1798}.Debug|x86.Build.0 = Debug|Any CPU
		{8BFDCFF8-68ED-46F6-97F2-C997DD5B1798}.Release|Any CPU.ActiveCfg = Release|Any CPU
		{8BFDCFF8-68ED-46F6-97F2-C997DD5B1798}.Release|Any CPU.Build.0 = Release|Any CPU
		{8BFDCFF8-68ED-46F6-97F2-C997DD5B1798}.Release|x86.ActiveCfg = Release|Any CPU
		{8BFDCFF8-68ED-46F6-97F2-C997DD5B1798}.Release|x86.Build.0 = Release|Any CPU
		{4A2259DF-AA4B-4D0D-A7BA-B110E4F58A4F}.Debug|Any CPU.ActiveCfg = Debug|Any CPU
		{4A2259DF-AA4B-4D0D-A7BA-B110E4F58A4F}.Debug|Any CPU.Build.0 = Debug|Any CPU
		{4A2259DF-AA4B-4D0D-A7BA-B110E4F58A4F}.Debug|x86.ActiveCfg = Debug|Any CPU
		{4A2259DF-AA4B-4D0D-A7BA-B110E4F58A4F}.Debug|x86.Build.0 = Debug|Any CPU
		{4A2259DF-AA4B-4D0D-A7BA-B110E4F58A4F}.Release|Any CPU.ActiveCfg = Release|Any CPU
		{4A2259DF-AA4B-4D0D-A7BA-B110E4F58A4F}.Release|Any CPU.Build.0 = Release|Any CPU
		{4A2259DF-AA4B-4D0D-A7BA-B110E4F58A4F}.Release|x86.ActiveCfg = Release|Any CPU
		{4A2259DF-AA4B-4D0D-A7BA-B110E4F58A4F}.Release|x86.Build.0 = Release|Any CPU
		{6F77B270-2294-461C-97BA-9F1C53F076DB}.Debug|Any CPU.ActiveCfg = Debug|Any CPU
		{6F77B270-2294-461C-97BA-9F1C53F076DB}.Debug|Any CPU.Build.0 = Debug|Any CPU
		{6F77B270-2294-461C-97BA-9F1C53F076DB}.Debug|x86.ActiveCfg = Debug|x86
		{6F77B270-2294-461C-97BA-9F1C53F076DB}.Debug|x86.Build.0 = Debug|x86
		{6F77B270-2294-461C-97BA-9F1C53F076DB}.Release|Any CPU.ActiveCfg = Release|Any CPU
		{6F77B270-2294-461C-97BA-9F1C53F076DB}.Release|Any CPU.Build.0 = Release|Any CPU
		{6F77B270-2294-461C-97BA-9F1C53F076DB}.Release|x86.ActiveCfg = Release|x86
		{6F77B270-2294-461C-97BA-9F1C53F076DB}.Release|x86.Build.0 = Release|x86
		{3D242F82-1DDC-4824-ABF2-6DCE25AF7417}.Debug|Any CPU.ActiveCfg = Debug|Any CPU
		{3D242F82-1DDC-4824-ABF2-6DCE25AF7417}.Debug|Any CPU.Build.0 = Debug|Any CPU
		{3D242F82-1DDC-4824-ABF2-6DCE25AF7417}.Debug|x86.ActiveCfg = Debug|x86
		{3D242F82-1DDC-4824-ABF2-6DCE25AF7417}.Debug|x86.Build.0 = Debug|x86
		{3D242F82-1DDC-4824-ABF2-6DCE25AF7417}.Release|Any CPU.ActiveCfg = Release|Any CPU
		{3D242F82-1DDC-4824-ABF2-6DCE25AF7417}.Release|Any CPU.Build.0 = Release|Any CPU
		{3D242F82-1DDC-4824-ABF2-6DCE25AF7417}.Release|x86.ActiveCfg = Release|x86
		{3D242F82-1DDC-4824-ABF2-6DCE25AF7417}.Release|x86.Build.0 = Release|x86
		{73E5B120-811F-42EC-AC81-8D57D1534C06}.Debug|Any CPU.ActiveCfg = Debug|Any CPU
		{73E5B120-811F-42EC-AC81-8D57D1534C06}.Debug|Any CPU.Build.0 = Debug|Any CPU
		{73E5B120-811F-42EC-AC81-8D57D1534C06}.Debug|x86.ActiveCfg = Debug|Any CPU
		{73E5B120-811F-42EC-AC81-8D57D1534C06}.Debug|x86.Build.0 = Debug|Any CPU
		{73E5B120-811F-42EC-AC81-8D57D1534C06}.Release|Any CPU.ActiveCfg = Release|Any CPU
		{73E5B120-811F-42EC-AC81-8D57D1534C06}.Release|Any CPU.Build.0 = Release|Any CPU
		{73E5B120-811F-42EC-AC81-8D57D1534C06}.Release|x86.ActiveCfg = Release|Any CPU
		{73E5B120-811F-42EC-AC81-8D57D1534C06}.Release|x86.Build.0 = Release|Any CPU
		{642A4D3C-FF9E-4AD1-9BE3-B47D137E92DB}.Debug|Any CPU.ActiveCfg = Debug|Any CPU
		{642A4D3C-FF9E-4AD1-9BE3-B47D137E92DB}.Debug|Any CPU.Build.0 = Debug|Any CPU
		{642A4D3C-FF9E-4AD1-9BE3-B47D137E92DB}.Debug|x86.ActiveCfg = Debug|x86
		{642A4D3C-FF9E-4AD1-9BE3-B47D137E92DB}.Debug|x86.Build.0 = Debug|x86
		{642A4D3C-FF9E-4AD1-9BE3-B47D137E92DB}.Release|Any CPU.ActiveCfg = Release|Any CPU
		{642A4D3C-FF9E-4AD1-9BE3-B47D137E92DB}.Release|Any CPU.Build.0 = Release|Any CPU
		{642A4D3C-FF9E-4AD1-9BE3-B47D137E92DB}.Release|x86.ActiveCfg = Release|x86
		{642A4D3C-FF9E-4AD1-9BE3-B47D137E92DB}.Release|x86.Build.0 = Release|x86
		{C9B241B1-5A9D-4B68-B934-51090BCB5D07}.Debug|Any CPU.ActiveCfg = Debug|Any CPU
		{C9B241B1-5A9D-4B68-B934-51090BCB5D07}.Debug|Any CPU.Build.0 = Debug|Any CPU
		{C9B241B1-5A9D-4B68-B934-51090BCB5D07}.Debug|x86.ActiveCfg = Debug|x86
		{C9B241B1-5A9D-4B68-B934-51090BCB5D07}.Debug|x86.Build.0 = Debug|x86
		{C9B241B1-5A9D-4B68-B934-51090BCB5D07}.Release|Any CPU.ActiveCfg = Release|Any CPU
		{C9B241B1-5A9D-4B68-B934-51090BCB5D07}.Release|Any CPU.Build.0 = Release|Any CPU
		{C9B241B1-5A9D-4B68-B934-51090BCB5D07}.Release|x86.ActiveCfg = Release|x86
		{C9B241B1-5A9D-4B68-B934-51090BCB5D07}.Release|x86.Build.0 = Release|x86
		{A96E60DA-DA9D-4795-BF3E-1A7B559B026B}.Debug|Any CPU.ActiveCfg = Debug|Any CPU
		{A96E60DA-DA9D-4795-BF3E-1A7B559B026B}.Debug|Any CPU.Build.0 = Debug|Any CPU
		{A96E60DA-DA9D-4795-BF3E-1A7B559B026B}.Debug|x86.ActiveCfg = Debug|Any CPU
		{A96E60DA-DA9D-4795-BF3E-1A7B559B026B}.Debug|x86.Build.0 = Debug|Any CPU
		{A96E60DA-DA9D-4795-BF3E-1A7B559B026B}.Release|Any CPU.ActiveCfg = Release|Any CPU
		{A96E60DA-DA9D-4795-BF3E-1A7B559B026B}.Release|Any CPU.Build.0 = Release|Any CPU
		{A96E60DA-DA9D-4795-BF3E-1A7B559B026B}.Release|x86.ActiveCfg = Release|Any CPU
		{A96E60DA-DA9D-4795-BF3E-1A7B559B026B}.Release|x86.Build.0 = Release|Any CPU
		{DC88DCB4-6936-4F62-A3AE-4FD055FBE7C8}.Debug|Any CPU.ActiveCfg = Debug|Any CPU
		{DC88DCB4-6936-4F62-A3AE-4FD055FBE7C8}.Debug|Any CPU.Build.0 = Debug|Any CPU
		{DC88DCB4-6936-4F62-A3AE-4FD055FBE7C8}.Debug|x86.ActiveCfg = Debug|Any CPU
		{DC88DCB4-6936-4F62-A3AE-4FD055FBE7C8}.Debug|x86.Build.0 = Debug|Any CPU
		{DC88DCB4-6936-4F62-A3AE-4FD055FBE7C8}.Release|Any CPU.ActiveCfg = Release|Any CPU
		{DC88DCB4-6936-4F62-A3AE-4FD055FBE7C8}.Release|Any CPU.Build.0 = Release|Any CPU
		{DC88DCB4-6936-4F62-A3AE-4FD055FBE7C8}.Release|x86.ActiveCfg = Release|Any CPU
		{DC88DCB4-6936-4F62-A3AE-4FD055FBE7C8}.Release|x86.Build.0 = Release|Any CPU
		{F8D9AB2A-E61E-409B-822D-59975C547C25}.Debug|Any CPU.ActiveCfg = Debug|Any CPU
		{F8D9AB2A-E61E-409B-822D-59975C547C25}.Debug|Any CPU.Build.0 = Debug|Any CPU
		{F8D9AB2A-E61E-409B-822D-59975C547C25}.Debug|x86.ActiveCfg = Debug|Any CPU
		{F8D9AB2A-E61E-409B-822D-59975C547C25}.Debug|x86.Build.0 = Debug|Any CPU
		{F8D9AB2A-E61E-409B-822D-59975C547C25}.Release|Any CPU.ActiveCfg = Release|Any CPU
		{F8D9AB2A-E61E-409B-822D-59975C547C25}.Release|Any CPU.Build.0 = Release|Any CPU
		{F8D9AB2A-E61E-409B-822D-59975C547C25}.Release|x86.ActiveCfg = Release|Any CPU
		{F8D9AB2A-E61E-409B-822D-59975C547C25}.Release|x86.Build.0 = Release|Any CPU
		{E7E17A71-0A5F-46BA-A6A7-CF1D5EA08296}.Debug|Any CPU.ActiveCfg = Debug|Any CPU
		{E7E17A71-0A5F-46BA-A6A7-CF1D5EA08296}.Debug|Any CPU.Build.0 = Debug|Any CPU
		{E7E17A71-0A5F-46BA-A6A7-CF1D5EA08296}.Debug|x86.ActiveCfg = Debug|Any CPU
		{E7E17A71-0A5F-46BA-A6A7-CF1D5EA08296}.Debug|x86.Build.0 = Debug|Any CPU
		{E7E17A71-0A5F-46BA-A6A7-CF1D5EA08296}.Release|Any CPU.ActiveCfg = Release|Any CPU
		{E7E17A71-0A5F-46BA-A6A7-CF1D5EA08296}.Release|Any CPU.Build.0 = Release|Any CPU
		{E7E17A71-0A5F-46BA-A6A7-CF1D5EA08296}.Release|x86.ActiveCfg = Release|Any CPU
		{E7E17A71-0A5F-46BA-A6A7-CF1D5EA08296}.Release|x86.Build.0 = Release|Any CPU
		{2EA0FA46-8055-4173-9367-5B7522386DEA}.Debug|Any CPU.ActiveCfg = Debug|Any CPU
		{2EA0FA46-8055-4173-9367-5B7522386DEA}.Debug|Any CPU.Build.0 = Debug|Any CPU
		{2EA0FA46-8055-4173-9367-5B7522386DEA}.Debug|x86.ActiveCfg = Debug|Any CPU
		{2EA0FA46-8055-4173-9367-5B7522386DEA}.Debug|x86.Build.0 = Debug|Any CPU
		{2EA0FA46-8055-4173-9367-5B7522386DEA}.Release|Any CPU.ActiveCfg = Release|Any CPU
		{2EA0FA46-8055-4173-9367-5B7522386DEA}.Release|Any CPU.Build.0 = Release|Any CPU
		{2EA0FA46-8055-4173-9367-5B7522386DEA}.Release|x86.ActiveCfg = Release|Any CPU
		{2EA0FA46-8055-4173-9367-5B7522386DEA}.Release|x86.Build.0 = Release|Any CPU
		{E520A846-A00C-45EE-B80A-CDE06E772DFA}.Debug|Any CPU.ActiveCfg = Debug|Any CPU
		{E520A846-A00C-45EE-B80A-CDE06E772DFA}.Debug|Any CPU.Build.0 = Debug|Any CPU
		{E520A846-A00C-45EE-B80A-CDE06E772DFA}.Debug|x86.ActiveCfg = Debug|Any CPU
		{E520A846-A00C-45EE-B80A-CDE06E772DFA}.Debug|x86.Build.0 = Debug|Any CPU
		{E520A846-A00C-45EE-B80A-CDE06E772DFA}.Release|Any CPU.ActiveCfg = Release|Any CPU
		{E520A846-A00C-45EE-B80A-CDE06E772DFA}.Release|Any CPU.Build.0 = Release|Any CPU
		{E520A846-A00C-45EE-B80A-CDE06E772DFA}.Release|x86.ActiveCfg = Release|Any CPU
		{E520A846-A00C-45EE-B80A-CDE06E772DFA}.Release|x86.Build.0 = Release|Any CPU
		{4EA7C86A-8848-46B8-929E-83F6E19098D4}.Debug|Any CPU.ActiveCfg = Debug|Any CPU
		{4EA7C86A-8848-46B8-929E-83F6E19098D4}.Debug|Any CPU.Build.0 = Debug|Any CPU
		{4EA7C86A-8848-46B8-929E-83F6E19098D4}.Debug|x86.ActiveCfg = Debug|Any CPU
		{4EA7C86A-8848-46B8-929E-83F6E19098D4}.Debug|x86.Build.0 = Debug|Any CPU
		{4EA7C86A-8848-46B8-929E-83F6E19098D4}.Release|Any CPU.ActiveCfg = Release|Any CPU
		{4EA7C86A-8848-46B8-929E-83F6E19098D4}.Release|Any CPU.Build.0 = Release|Any CPU
		{4EA7C86A-8848-46B8-929E-83F6E19098D4}.Release|x86.ActiveCfg = Release|Any CPU
		{4EA7C86A-8848-46B8-929E-83F6E19098D4}.Release|x86.Build.0 = Release|Any CPU
		{5EF8DF3A-51DA-403A-9CAD-1FCCE0D4BD32}.Debug|Any CPU.ActiveCfg = Debug|Any CPU
		{5EF8DF3A-51DA-403A-9CAD-1FCCE0D4BD32}.Debug|Any CPU.Build.0 = Debug|Any CPU
		{5EF8DF3A-51DA-403A-9CAD-1FCCE0D4BD32}.Debug|x86.ActiveCfg = Debug|Any CPU
		{5EF8DF3A-51DA-403A-9CAD-1FCCE0D4BD32}.Debug|x86.Build.0 = Debug|Any CPU
		{5EF8DF3A-51DA-403A-9CAD-1FCCE0D4BD32}.Release|Any CPU.ActiveCfg = Release|Any CPU
		{5EF8DF3A-51DA-403A-9CAD-1FCCE0D4BD32}.Release|Any CPU.Build.0 = Release|Any CPU
		{5EF8DF3A-51DA-403A-9CAD-1FCCE0D4BD32}.Release|x86.ActiveCfg = Release|Any CPU
		{5EF8DF3A-51DA-403A-9CAD-1FCCE0D4BD32}.Release|x86.Build.0 = Release|Any CPU
		{C12D94E2-2D5E-4783-B03E-03A36C247CA0}.Debug|Any CPU.ActiveCfg = Debug|Any CPU
		{C12D94E2-2D5E-4783-B03E-03A36C247CA0}.Debug|Any CPU.Build.0 = Debug|Any CPU
		{C12D94E2-2D5E-4783-B03E-03A36C247CA0}.Debug|x86.ActiveCfg = Debug|x86
		{C12D94E2-2D5E-4783-B03E-03A36C247CA0}.Debug|x86.Build.0 = Debug|x86
		{C12D94E2-2D5E-4783-B03E-03A36C247CA0}.Release|Any CPU.ActiveCfg = Release|Any CPU
		{C12D94E2-2D5E-4783-B03E-03A36C247CA0}.Release|Any CPU.Build.0 = Release|Any CPU
		{C12D94E2-2D5E-4783-B03E-03A36C247CA0}.Release|x86.ActiveCfg = Release|x86
		{C12D94E2-2D5E-4783-B03E-03A36C247CA0}.Release|x86.Build.0 = Release|x86
		{15DF56A1-C17C-4CE8-A0EC-006C49A6F268}.Debug|Any CPU.ActiveCfg = Debug|Any CPU
		{15DF56A1-C17C-4CE8-A0EC-006C49A6F268}.Debug|Any CPU.Build.0 = Debug|Any CPU
		{15DF56A1-C17C-4CE8-A0EC-006C49A6F268}.Debug|x86.ActiveCfg = Debug|Any CPU
		{15DF56A1-C17C-4CE8-A0EC-006C49A6F268}.Debug|x86.Build.0 = Debug|Any CPU
		{15DF56A1-C17C-4CE8-A0EC-006C49A6F268}.Release|Any CPU.ActiveCfg = Release|Any CPU
		{15DF56A1-C17C-4CE8-A0EC-006C49A6F268}.Release|Any CPU.Build.0 = Release|Any CPU
		{15DF56A1-C17C-4CE8-A0EC-006C49A6F268}.Release|x86.ActiveCfg = Release|Any CPU
		{15DF56A1-C17C-4CE8-A0EC-006C49A6F268}.Release|x86.Build.0 = Release|Any CPU
		{FE43CBE4-ED77-400A-AF0F-8CD5F6201DCB}.Debug|Any CPU.ActiveCfg = Debug|Any CPU
		{FE43CBE4-ED77-400A-AF0F-8CD5F6201DCB}.Debug|Any CPU.Build.0 = Debug|Any CPU
		{FE43CBE4-ED77-400A-AF0F-8CD5F6201DCB}.Debug|x86.ActiveCfg = Debug|Any CPU
		{FE43CBE4-ED77-400A-AF0F-8CD5F6201DCB}.Debug|x86.Build.0 = Debug|Any CPU
		{FE43CBE4-ED77-400A-AF0F-8CD5F6201DCB}.Release|Any CPU.ActiveCfg = Release|Any CPU
		{FE43CBE4-ED77-400A-AF0F-8CD5F6201DCB}.Release|Any CPU.Build.0 = Release|Any CPU
		{FE43CBE4-ED77-400A-AF0F-8CD5F6201DCB}.Release|x86.ActiveCfg = Release|Any CPU
		{FE43CBE4-ED77-400A-AF0F-8CD5F6201DCB}.Release|x86.Build.0 = Release|Any CPU
		{01196354-6537-4830-B30D-D6CA53FB69AC}.Debug|Any CPU.ActiveCfg = Debug|Any CPU
		{01196354-6537-4830-B30D-D6CA53FB69AC}.Debug|Any CPU.Build.0 = Debug|Any CPU
		{01196354-6537-4830-B30D-D6CA53FB69AC}.Debug|x86.ActiveCfg = Debug|Any CPU
		{01196354-6537-4830-B30D-D6CA53FB69AC}.Debug|x86.Build.0 = Debug|Any CPU
		{01196354-6537-4830-B30D-D6CA53FB69AC}.Release|Any CPU.ActiveCfg = Release|Any CPU
		{01196354-6537-4830-B30D-D6CA53FB69AC}.Release|Any CPU.Build.0 = Release|Any CPU
		{01196354-6537-4830-B30D-D6CA53FB69AC}.Release|x86.ActiveCfg = Release|Any CPU
		{01196354-6537-4830-B30D-D6CA53FB69AC}.Release|x86.Build.0 = Release|Any CPU
		{44A77783-D38C-46E7-9EEE-26FAA76BB84E}.Debug|Any CPU.ActiveCfg = Debug|Any CPU
		{44A77783-D38C-46E7-9EEE-26FAA76BB84E}.Debug|Any CPU.Build.0 = Debug|Any CPU
		{44A77783-D38C-46E7-9EEE-26FAA76BB84E}.Debug|x86.ActiveCfg = Debug|x86
		{44A77783-D38C-46E7-9EEE-26FAA76BB84E}.Debug|x86.Build.0 = Debug|x86
		{44A77783-D38C-46E7-9EEE-26FAA76BB84E}.Release|Any CPU.ActiveCfg = Release|Any CPU
		{44A77783-D38C-46E7-9EEE-26FAA76BB84E}.Release|Any CPU.Build.0 = Release|Any CPU
		{44A77783-D38C-46E7-9EEE-26FAA76BB84E}.Release|x86.ActiveCfg = Release|x86
		{44A77783-D38C-46E7-9EEE-26FAA76BB84E}.Release|x86.Build.0 = Release|x86
		{5EDAA152-DB2F-44E2-AC1D-90F339E24071}.Debug|Any CPU.ActiveCfg = Debug|Any CPU
		{5EDAA152-DB2F-44E2-AC1D-90F339E24071}.Debug|Any CPU.Build.0 = Debug|Any CPU
		{5EDAA152-DB2F-44E2-AC1D-90F339E24071}.Debug|x86.ActiveCfg = Debug|x86
		{5EDAA152-DB2F-44E2-AC1D-90F339E24071}.Debug|x86.Build.0 = Debug|x86
		{5EDAA152-DB2F-44E2-AC1D-90F339E24071}.Release|Any CPU.ActiveCfg = Release|Any CPU
		{5EDAA152-DB2F-44E2-AC1D-90F339E24071}.Release|Any CPU.Build.0 = Release|Any CPU
		{5EDAA152-DB2F-44E2-AC1D-90F339E24071}.Release|x86.ActiveCfg = Release|x86
		{5EDAA152-DB2F-44E2-AC1D-90F339E24071}.Release|x86.Build.0 = Release|x86
		{6F3B168F-9AE1-4D9D-BEC6-73FB1B93C9EE}.Debug|Any CPU.ActiveCfg = Debug|Any CPU
		{6F3B168F-9AE1-4D9D-BEC6-73FB1B93C9EE}.Debug|Any CPU.Build.0 = Debug|Any CPU
		{6F3B168F-9AE1-4D9D-BEC6-73FB1B93C9EE}.Debug|x86.ActiveCfg = Debug|x86
		{6F3B168F-9AE1-4D9D-BEC6-73FB1B93C9EE}.Debug|x86.Build.0 = Debug|x86
		{6F3B168F-9AE1-4D9D-BEC6-73FB1B93C9EE}.Release|Any CPU.ActiveCfg = Release|Any CPU
		{6F3B168F-9AE1-4D9D-BEC6-73FB1B93C9EE}.Release|Any CPU.Build.0 = Release|Any CPU
		{6F3B168F-9AE1-4D9D-BEC6-73FB1B93C9EE}.Release|x86.ActiveCfg = Release|x86
		{6F3B168F-9AE1-4D9D-BEC6-73FB1B93C9EE}.Release|x86.Build.0 = Release|x86
		{5F2BAA28-36F9-4778-A8B1-7ED91E14F9F4}.Debug|Any CPU.ActiveCfg = Debug|Any CPU
		{5F2BAA28-36F9-4778-A8B1-7ED91E14F9F4}.Debug|Any CPU.Build.0 = Debug|Any CPU
		{5F2BAA28-36F9-4778-A8B1-7ED91E14F9F4}.Debug|x86.ActiveCfg = Debug|Any CPU
		{5F2BAA28-36F9-4778-A8B1-7ED91E14F9F4}.Debug|x86.Build.0 = Debug|Any CPU
		{5F2BAA28-36F9-4778-A8B1-7ED91E14F9F4}.Release|Any CPU.ActiveCfg = Release|Any CPU
		{5F2BAA28-36F9-4778-A8B1-7ED91E14F9F4}.Release|Any CPU.Build.0 = Release|Any CPU
		{5F2BAA28-36F9-4778-A8B1-7ED91E14F9F4}.Release|x86.ActiveCfg = Release|Any CPU
		{5F2BAA28-36F9-4778-A8B1-7ED91E14F9F4}.Release|x86.Build.0 = Release|Any CPU
		{EB0CB2A6-128C-42F3-A37F-A566AE059E40}.Debug|Any CPU.ActiveCfg = Debug|Any CPU
		{EB0CB2A6-128C-42F3-A37F-A566AE059E40}.Debug|Any CPU.Build.0 = Debug|Any CPU
		{EB0CB2A6-128C-42F3-A37F-A566AE059E40}.Debug|x86.ActiveCfg = Debug|Any CPU
		{EB0CB2A6-128C-42F3-A37F-A566AE059E40}.Debug|x86.Build.0 = Debug|Any CPU
		{EB0CB2A6-128C-42F3-A37F-A566AE059E40}.Release|Any CPU.ActiveCfg = Release|Any CPU
		{EB0CB2A6-128C-42F3-A37F-A566AE059E40}.Release|Any CPU.Build.0 = Release|Any CPU
		{EB0CB2A6-128C-42F3-A37F-A566AE059E40}.Release|x86.ActiveCfg = Release|Any CPU
		{EB0CB2A6-128C-42F3-A37F-A566AE059E40}.Release|x86.Build.0 = Release|Any CPU
		{7C498BA5-5860-48BD-84A2-8FF64D878BDE}.Debug|Any CPU.ActiveCfg = Debug|Any CPU
		{7C498BA5-5860-48BD-84A2-8FF64D878BDE}.Debug|Any CPU.Build.0 = Debug|Any CPU
		{7C498BA5-5860-48BD-84A2-8FF64D878BDE}.Debug|x86.ActiveCfg = Debug|x86
		{7C498BA5-5860-48BD-84A2-8FF64D878BDE}.Debug|x86.Build.0 = Debug|x86
		{7C498BA5-5860-48BD-84A2-8FF64D878BDE}.Release|Any CPU.ActiveCfg = Release|Any CPU
		{7C498BA5-5860-48BD-84A2-8FF64D878BDE}.Release|Any CPU.Build.0 = Release|Any CPU
		{7C498BA5-5860-48BD-84A2-8FF64D878BDE}.Release|x86.ActiveCfg = Release|x86
		{7C498BA5-5860-48BD-84A2-8FF64D878BDE}.Release|x86.Build.0 = Release|x86
		{77765FAE-5EF0-4A6C-BAB9-FEE8E9CF6989}.Debug|Any CPU.ActiveCfg = Debug|Any CPU
		{77765FAE-5EF0-4A6C-BAB9-FEE8E9CF6989}.Debug|Any CPU.Build.0 = Debug|Any CPU
		{77765FAE-5EF0-4A6C-BAB9-FEE8E9CF6989}.Debug|x86.ActiveCfg = Debug|x86
		{77765FAE-5EF0-4A6C-BAB9-FEE8E9CF6989}.Debug|x86.Build.0 = Debug|x86
		{77765FAE-5EF0-4A6C-BAB9-FEE8E9CF6989}.Release|Any CPU.ActiveCfg = Release|Any CPU
		{77765FAE-5EF0-4A6C-BAB9-FEE8E9CF6989}.Release|Any CPU.Build.0 = Release|Any CPU
		{77765FAE-5EF0-4A6C-BAB9-FEE8E9CF6989}.Release|x86.ActiveCfg = Release|x86
		{77765FAE-5EF0-4A6C-BAB9-FEE8E9CF6989}.Release|x86.Build.0 = Release|x86
	EndGlobalSection
	GlobalSection(SolutionProperties) = preSolution
		HideSolutionNode = FALSE
	EndGlobalSection
	GlobalSection(ExtensibilityGlobals) = postSolution
		SolutionGuid = {DF9DCDA7-A707-4288-A66B-FFF6C4FA6A0F}
	EndGlobalSection
EndGlobal
